// !$*UTF8*$!
{
	archiveVersion = 1;
	classes = {
	};
	objectVersion = 50;
	objects = {

/* Begin PBXBuildFile section */
		2A5CA14A25D641C70005377A /* TweetTableViewCell.swift in Sources */ = {isa = PBXBuildFile; fileRef = 2A5CA14925D641C70005377A /* TweetTableViewCell.swift */; };
		2A8872CD25E4A43C006C7EEE /* TweetTableViewCell.xib in Resources */ = {isa = PBXBuildFile; fileRef = 2A8872CC25E4A43C006C7EEE /* TweetTableViewCell.xib */; };
		2A8872D325E4B3C8006C7EEE /* Tweet.swift in Sources */ = {isa = PBXBuildFile; fileRef = 2A8872D225E4B3C8006C7EEE /* Tweet.swift */; };
		2A8872D725E4B5A0006C7EEE /* NextVC.swift in Sources */ = {isa = PBXBuildFile; fileRef = 2A8872D625E4B5A0006C7EEE /* NextVC.swift */; };
		2AC8B55D25CDCDD000A2BF0B /* AppDelegate.swift in Sources */ = {isa = PBXBuildFile; fileRef = 2AC8B55C25CDCDD000A2BF0B /* AppDelegate.swift */; };
		2AC8B55F25CDCDD000A2BF0B /* SceneDelegate.swift in Sources */ = {isa = PBXBuildFile; fileRef = 2AC8B55E25CDCDD000A2BF0B /* SceneDelegate.swift */; };
		2AC8B56125CDCDD000A2BF0B /* TweetListVC.swift in Sources */ = {isa = PBXBuildFile; fileRef = 2AC8B56025CDCDD000A2BF0B /* TweetListVC.swift */; };
		2AC8B56425CDCDD000A2BF0B /* Main.storyboard in Resources */ = {isa = PBXBuildFile; fileRef = 2AC8B56225CDCDD000A2BF0B /* Main.storyboard */; };
		2AC8B56625CDCDD200A2BF0B /* Assets.xcassets in Resources */ = {isa = PBXBuildFile; fileRef = 2AC8B56525CDCDD200A2BF0B /* Assets.xcassets */; };
		2AC8B56925CDCDD200A2BF0B /* LaunchScreen.storyboard in Resources */ = {isa = PBXBuildFile; fileRef = 2AC8B56725CDCDD200A2BF0B /* LaunchScreen.storyboard */; };
/* End PBXBuildFile section */

/* Begin PBXFileReference section */
		2A5CA14925D641C70005377A /* TweetTableViewCell.swift */ = {isa = PBXFileReference; lastKnownFileType = sourcecode.swift; path = TweetTableViewCell.swift; sourceTree = "<group>"; };
		2A8872CC25E4A43C006C7EEE /* TweetTableViewCell.xib */ = {isa = PBXFileReference; lastKnownFileType = file.xib; path = TweetTableViewCell.xib; sourceTree = "<group>"; };
		2A8872D225E4B3C8006C7EEE /* Tweet.swift */ = {isa = PBXFileReference; lastKnownFileType = sourcecode.swift; path = Tweet.swift; sourceTree = "<group>"; };
		2A8872D625E4B5A0006C7EEE /* NextVC.swift */ = {isa = PBXFileReference; lastKnownFileType = sourcecode.swift; path = NextVC.swift; sourceTree = "<group>"; };
		2AC8B55925CDCDD000A2BF0B /* Sample_TwitterTopScreen.app */ = {isa = PBXFileReference; explicitFileType = wrapper.application; includeInIndex = 0; path = Sample_TwitterTopScreen.app; sourceTree = BUILT_PRODUCTS_DIR; };
		2AC8B55C25CDCDD000A2BF0B /* AppDelegate.swift */ = {isa = PBXFileReference; lastKnownFileType = sourcecode.swift; path = AppDelegate.swift; sourceTree = "<group>"; };
		2AC8B55E25CDCDD000A2BF0B /* SceneDelegate.swift */ = {isa = PBXFileReference; lastKnownFileType = sourcecode.swift; path = SceneDelegate.swift; sourceTree = "<group>"; };
		2AC8B56025CDCDD000A2BF0B /* TweetListVC.swift */ = {isa = PBXFileReference; lastKnownFileType = sourcecode.swift; path = TweetListVC.swift; sourceTree = "<group>"; };
		2AC8B56325CDCDD000A2BF0B /* Base */ = {isa = PBXFileReference; lastKnownFileType = file.storyboard; name = Base; path = Base.lproj/Main.storyboard; sourceTree = "<group>"; };
		2AC8B56525CDCDD200A2BF0B /* Assets.xcassets */ = {isa = PBXFileReference; lastKnownFileType = folder.assetcatalog; path = Assets.xcassets; sourceTree = "<group>"; };
		2AC8B56825CDCDD200A2BF0B /* Base */ = {isa = PBXFileReference; lastKnownFileType = file.storyboard; name = Base; path = Base.lproj/LaunchScreen.storyboard; sourceTree = "<group>"; };
		2AC8B56A25CDCDD200A2BF0B /* Info.plist */ = {isa = PBXFileReference; lastKnownFileType = text.plist.xml; path = Info.plist; sourceTree = "<group>"; };
/* End PBXFileReference section */

/* Begin PBXFrameworksBuildPhase section */
		2AC8B55625CDCDD000A2BF0B /* Frameworks */ = {
			isa = PBXFrameworksBuildPhase;
			buildActionMask = 2147483647;
			files = (
			);
			runOnlyForDeploymentPostprocessing = 0;
		};
/* End PBXFrameworksBuildPhase section */

/* Begin PBXGroup section */
		2A8712E425D8BB3900F14F05 /* Views */ = {
			isa = PBXGroup;
			children = (
				2AC8B56225CDCDD000A2BF0B /* Main.storyboard */,
				2A5CA14925D641C70005377A /* TweetTableViewCell.swift */,
				2A8872CC25E4A43C006C7EEE /* TweetTableViewCell.xib */,
			);
			path = Views;
			sourceTree = "<group>";
		};
		2A8712E525D8BB6700F14F05 /* ViewControllers */ = {
			isa = PBXGroup;
			children = (
				2AC8B56025CDCDD000A2BF0B /* TweetListVC.swift */,
				2A8872D625E4B5A0006C7EEE /* NextVC.swift */,
			);
			path = ViewControllers;
			sourceTree = "<group>";
		};
		2A8872D125E4B3AB006C7EEE /* Models */ = {
			isa = PBXGroup;
			children = (
				2A8872D225E4B3C8006C7EEE /* Tweet.swift */,
			);
			path = Models;
			sourceTree = "<group>";
		};
		2AC8B55025CDCDD000A2BF0B = {
			isa = PBXGroup;
			children = (
				2AC8B55B25CDCDD000A2BF0B /* Sample_TwitterTopScreen */,
				2AC8B55A25CDCDD000A2BF0B /* Products */,
			);
			sourceTree = "<group>";
		};
		2AC8B55A25CDCDD000A2BF0B /* Products */ = {
			isa = PBXGroup;
			children = (
				2AC8B55925CDCDD000A2BF0B /* Sample_TwitterTopScreen.app */,
			);
			name = Products;
			sourceTree = "<group>";
		};
		2AC8B55B25CDCDD000A2BF0B /* Sample_TwitterTopScreen */ = {
			isa = PBXGroup;
			children = (
				2A8872D125E4B3AB006C7EEE /* Models */,
				2A8712E525D8BB6700F14F05 /* ViewControllers */,
				2A8712E425D8BB3900F14F05 /* Views */,
				2AC8B55C25CDCDD000A2BF0B /* AppDelegate.swift */,
				2AC8B55E25CDCDD000A2BF0B /* SceneDelegate.swift */,
				2AC8B56525CDCDD200A2BF0B /* Assets.xcassets */,
				2AC8B56725CDCDD200A2BF0B /* LaunchScreen.storyboard */,
				2AC8B56A25CDCDD200A2BF0B /* Info.plist */,
			);
			path = Sample_TwitterTopScreen;
			sourceTree = "<group>";
		};
/* End PBXGroup section */

/* Begin PBXNativeTarget section */
		2AC8B55825CDCDD000A2BF0B /* Sample_TwitterTopScreen */ = {
			isa = PBXNativeTarget;
			buildConfigurationList = 2AC8B56D25CDCDD200A2BF0B /* Build configuration list for PBXNativeTarget "Sample_TwitterTopScreen" */;
			buildPhases = (
				2AC8B55525CDCDD000A2BF0B /* Sources */,
				2AC8B55625CDCDD000A2BF0B /* Frameworks */,
				2AC8B55725CDCDD000A2BF0B /* Resources */,
			);
			buildRules = (
			);
			dependencies = (
			);
			name = Sample_TwitterTopScreen;
			productName = Sample_TwitterTopScreen;
			productReference = 2AC8B55925CDCDD000A2BF0B /* Sample_TwitterTopScreen.app */;
			productType = "com.apple.product-type.application";
		};
/* End PBXNativeTarget section */

/* Begin PBXProject section */
		2AC8B55125CDCDD000A2BF0B /* Project object */ = {
			isa = PBXProject;
			attributes = {
				LastSwiftUpdateCheck = 1240;
				LastUpgradeCheck = 1240;
				TargetAttributes = {
					2AC8B55825CDCDD000A2BF0B = {
						CreatedOnToolsVersion = 12.4;
					};
				};
			};
			buildConfigurationList = 2AC8B55425CDCDD000A2BF0B /* Build configuration list for PBXProject "Sample_TwitterTopScreen" */;
			compatibilityVersion = "Xcode 9.3";
			developmentRegion = en;
			hasScannedForEncodings = 0;
			knownRegions = (
				en,
				Base,
			);
			mainGroup = 2AC8B55025CDCDD000A2BF0B;
			productRefGroup = 2AC8B55A25CDCDD000A2BF0B /* Products */;
			projectDirPath = "";
			projectRoot = "";
			targets = (
				2AC8B55825CDCDD000A2BF0B /* Sample_TwitterTopScreen */,
			);
		};
/* End PBXProject section */

/* Begin PBXResourcesBuildPhase section */
		2AC8B55725CDCDD000A2BF0B /* Resources */ = {
			isa = PBXResourcesBuildPhase;
			buildActionMask = 2147483647;
			files = (
				2AC8B56925CDCDD200A2BF0B /* LaunchScreen.storyboard in Resources */,
				2AC8B56625CDCDD200A2BF0B /* Assets.xcassets in Resources */,
				2AC8B56425CDCDD000A2BF0B /* Main.storyboard in Resources */,
				2A8872CD25E4A43C006C7EEE /* TweetTableViewCell.xib in Resources */,
			);
			runOnlyForDeploymentPostprocessing = 0;
		};
/* End PBXResourcesBuildPhase section */

/* Begin PBXSourcesBuildPhase section */
		2AC8B55525CDCDD000A2BF0B /* Sources */ = {
			isa = PBXSourcesBuildPhase;
			buildActionMask = 2147483647;
			files = (
				2AC8B56125CDCDD000A2BF0B /* TweetListVC.swift in Sources */,
				2A8872D325E4B3C8006C7EEE /* Tweet.swift in Sources */,
				2AC8B55D25CDCDD000A2BF0B /* AppDelegate.swift in Sources */,
				2AC8B55F25CDCDD000A2BF0B /* SceneDelegate.swift in Sources */,
				2A5CA14A25D641C70005377A /* TweetTableViewCell.swift in Sources */,
				2A8872D725E4B5A0006C7EEE /* NextVC.swift in Sources */,
			);
			runOnlyForDeploymentPostprocessing = 0;
		};
/* End PBXSourcesBuildPhase section */

/* Begin PBXVariantGroup section */
		2AC8B56225CDCDD000A2BF0B /* Main.storyboard */ = {
			isa = PBXVariantGroup;
			children = (
				2AC8B56325CDCDD000A2BF0B /* Base */,
			);
			name = Main.storyboard;
			sourceTree = "<group>";
		};
		2AC8B56725CDCDD200A2BF0B /* LaunchScreen.storyboard */ = {
			isa = PBXVariantGroup;
			children = (
				2AC8B56825CDCDD200A2BF0B /* Base */,
			);
			name = LaunchScreen.storyboard;
			sourceTree = "<group>";
		};
/* End PBXVariantGroup section */

/* Begin XCBuildConfiguration section */
		2AC8B56B25CDCDD200A2BF0B /* Debug */ = {
			isa = XCBuildConfiguration;
			buildSettings = {
				ALWAYS_SEARCH_USER_PATHS = NO;
				CLANG_ANALYZER_NONNULL = YES;
				CLANG_ANALYZER_NUMBER_OBJECT_CONVERSION = YES_AGGRESSIVE;
				CLANG_CXX_LANGUAGE_STANDARD = "gnu++14";
				CLANG_CXX_LIBRARY = "libc++";
				CLANG_ENABLE_MODULES = YES;
				CLANG_ENABLE_OBJC_ARC = YES;
				CLANG_ENABLE_OBJC_WEAK = YES;
				CLANG_WARN_BLOCK_CAPTURE_AUTORELEASING = YES;
				CLANG_WARN_BOOL_CONVERSION = YES;
				CLANG_WARN_COMMA = YES;
				CLANG_WARN_CONSTANT_CONVERSION = YES;
				CLANG_WARN_DEPRECATED_OBJC_IMPLEMENTATIONS = YES;
				CLANG_WARN_DIRECT_OBJC_ISA_USAGE = YES_ERROR;
				CLANG_WARN_DOCUMENTATION_COMMENTS = YES;
				CLANG_WARN_EMPTY_BODY = YES;
				CLANG_WARN_ENUM_CONVERSION = YES;
				CLANG_WARN_INFINITE_RECURSION = YES;
				CLANG_WARN_INT_CONVERSION = YES;
				CLANG_WARN_NON_LITERAL_NULL_CONVERSION = YES;
				CLANG_WARN_OBJC_IMPLICIT_RETAIN_SELF = YES;
				CLANG_WARN_OBJC_LITERAL_CONVERSION = YES;
				CLANG_WARN_OBJC_ROOT_CLASS = YES_ERROR;
				CLANG_WARN_QUOTED_INCLUDE_IN_FRAMEWORK_HEADER = YES;
				CLANG_WARN_RANGE_LOOP_ANALYSIS = YES;
				CLANG_WARN_STRICT_PROTOTYPES = YES;
				CLANG_WARN_SUSPICIOUS_MOVE = YES;
				CLANG_WARN_UNGUARDED_AVAILABILITY = YES_AGGRESSIVE;
				CLANG_WARN_UNREACHABLE_CODE = YES;
				CLANG_WARN__DUPLICATE_METHOD_MATCH = YES;
				COPY_PHASE_STRIP = NO;
				DEBUG_INFORMATION_FORMAT = dwarf;
				ENABLE_STRICT_OBJC_MSGSEND = YES;
				ENABLE_TESTABILITY = YES;
				GCC_C_LANGUAGE_STANDARD = gnu11;
				GCC_DYNAMIC_NO_PIC = NO;
				GCC_NO_COMMON_BLOCKS = YES;
				GCC_OPTIMIZATION_LEVEL = 0;
				GCC_PREPROCESSOR_DEFINITIONS = (
					"DEBUG=1",
					"$(inherited)",
				);
				GCC_WARN_64_TO_32_BIT_CONVERSION = YES;
				GCC_WARN_ABOUT_RETURN_TYPE = YES_ERROR;
				GCC_WARN_UNDECLARED_SELECTOR = YES;
				GCC_WARN_UNINITIALIZED_AUTOS = YES_AGGRESSIVE;
				GCC_WARN_UNUSED_FUNCTION = YES;
				GCC_WARN_UNUSED_VARIABLE = YES;
				IPHONEOS_DEPLOYMENT_TARGET = 14.4;
				MTL_ENABLE_DEBUG_INFO = INCLUDE_SOURCE;
				MTL_FAST_MATH = YES;
				ONLY_ACTIVE_ARCH = YES;
				SDKROOT = iphoneos;
				SWIFT_ACTIVE_COMPILATION_CONDITIONS = DEBUG;
				SWIFT_OPTIMIZATION_LEVEL = "-Onone";
			};
			name = Debug;
		};
		2AC8B56C25CDCDD200A2BF0B /* Release */ = {
			isa = XCBuildConfiguration;
			buildSettings = {
				ALWAYS_SEARCH_USER_PATHS = NO;
				CLANG_ANALYZER_NONNULL = YES;
				CLANG_ANALYZER_NUMBER_OBJECT_CONVERSION = YES_AGGRESSIVE;
				CLANG_CXX_LANGUAGE_STANDARD = "gnu++14";
				CLANG_CXX_LIBRARY = "libc++";
				CLANG_ENABLE_MODULES = YES;
				CLANG_ENABLE_OBJC_ARC = YES;
				CLANG_ENABLE_OBJC_WEAK = YES;
				CLANG_WARN_BLOCK_CAPTURE_AUTORELEASING = YES;
				CLANG_WARN_BOOL_CONVERSION = YES;
				CLANG_WARN_COMMA = YES;
				CLANG_WARN_CONSTANT_CONVERSION = YES;
				CLANG_WARN_DEPRECATED_OBJC_IMPLEMENTATIONS = YES;
				CLANG_WARN_DIRECT_OBJC_ISA_USAGE = YES_ERROR;
				CLANG_WARN_DOCUMENTATION_COMMENTS = YES;
				CLANG_WARN_EMPTY_BODY = YES;
				CLANG_WARN_ENUM_CONVERSION = YES;
				CLANG_WARN_INFINITE_RECURSION = YES;
				CLANG_WARN_INT_CONVERSION = YES;
				CLANG_WARN_NON_LITERAL_NULL_CONVERSION = YES;
				CLANG_WARN_OBJC_IMPLICIT_RETAIN_SELF = YES;
				CLANG_WARN_OBJC_LITERAL_CONVERSION = YES;
				CLANG_WARN_OBJC_ROOT_CLASS = YES_ERROR;
				CLANG_WARN_QUOTED_INCLUDE_IN_FRAMEWORK_HEADER = YES;
				CLANG_WARN_RANGE_LOOP_ANALYSIS = YES;
				CLANG_WARN_STRICT_PROTOTYPES = YES;
				CLANG_WARN_SUSPICIOUS_MOVE = YES;
				CLANG_WARN_UNGUARDED_AVAILABILITY = YES_AGGRESSIVE;
				CLANG_WARN_UNREACHABLE_CODE = YES;
				CLANG_WARN__DUPLICATE_METHOD_MATCH = YES;
				COPY_PHASE_STRIP = NO;
				DEBUG_INFORMATION_FORMAT = "dwarf-with-dsym";
				ENABLE_NS_ASSERTIONS = NO;
				ENABLE_STRICT_OBJC_MSGSEND = YES;
				GCC_C_LANGUAGE_STANDARD = gnu11;
				GCC_NO_COMMON_BLOCKS = YES;
				GCC_WARN_64_TO_32_BIT_CONVERSION = YES;
				GCC_WARN_ABOUT_RETURN_TYPE = YES_ERROR;
				GCC_WARN_UNDECLARED_SELECTOR = YES;
				GCC_WARN_UNINITIALIZED_AUTOS = YES_AGGRESSIVE;
				GCC_WARN_UNUSED_FUNCTION = YES;
				GCC_WARN_UNUSED_VARIABLE = YES;
				IPHONEOS_DEPLOYMENT_TARGET = 14.4;
				MTL_ENABLE_DEBUG_INFO = NO;
				MTL_FAST_MATH = YES;
				SDKROOT = iphoneos;
				SWIFT_COMPILATION_MODE = wholemodule;
				SWIFT_OPTIMIZATION_LEVEL = "-O";
				VALIDATE_PRODUCT = YES;
			};
			name = Release;
		};
		2AC8B56E25CDCDD200A2BF0B /* Debug */ = {
			isa = XCBuildConfiguration;
			buildSettings = {
				ASSETCATALOG_COMPILER_APPICON_NAME = AppIcon;
				ASSETCATALOG_COMPILER_GLOBAL_ACCENT_COLOR_NAME = AccentColor;
				CODE_SIGN_STYLE = Automatic;
				DEVELOPMENT_TEAM = 9Y4XAZXDBL;
				INFOPLIST_FILE = Sample_TwitterTopScreen/Info.plist;
				LD_RUNPATH_SEARCH_PATHS = (
					"$(inherited)",
					"@executable_path/Frameworks",
				);
				PRODUCT_BUNDLE_IDENTIFIER = "com.Mimi.Sample-TwitterTopScreen";
				PRODUCT_NAME = "$(TARGET_NAME)";
				SWIFT_VERSION = 5.0;
				TARGETED_DEVICE_FAMILY = 1;
			};
			name = Debug;
		};
		2AC8B56F25CDCDD200A2BF0B /* Release */ = {
			isa = XCBuildConfiguration;
			buildSettings = {
				ASSETCATALOG_COMPILER_APPICON_NAME = AppIcon;
				ASSETCATALOG_COMPILER_GLOBAL_ACCENT_COLOR_NAME = AccentColor;
				CODE_SIGN_STYLE = Automatic;
				DEVELOPMENT_TEAM = 9Y4XAZXDBL;
				INFOPLIST_FILE = Sample_TwitterTopScreen/Info.plist;
				LD_RUNPATH_SEARCH_PATHS = (
					"$(inherited)",
					"@executable_path/Frameworks",
				);
				PRODUCT_BUNDLE_IDENTIFIER = "com.Mimi.Sample-TwitterTopScreen";
				PRODUCT_NAME = "$(TARGET_NAME)";
				SWIFT_VERSION = 5.0;
				TARGETED_DEVICE_FAMILY = 1;
			};
			name = Release;
		};
/* End XCBuildConfiguration section */

/* Begin XCConfigurationList section */
		2AC8B55425CDCDD000A2BF0B /* Build configuration list for PBXProject "Sample_TwitterTopScreen" */ = {
			isa = XCConfigurationList;
			buildConfigurations = (
				2AC8B56B25CDCDD200A2BF0B /* Debug */,
				2AC8B56C25CDCDD200A2BF0B /* Release */,
			);
			defaultConfigurationIsVisible = 0;
			defaultConfigurationName = Release;
		};
		2AC8B56D25CDCDD200A2BF0B /* Build configuration list for PBXNativeTarget "Sample_TwitterTopScreen" */ = {
			isa = XCConfigurationList;
			buildConfigurations = (
				2AC8B56E25CDCDD200A2BF0B /* Debug */,
				2AC8B56F25CDCDD200A2BF0B /* Release */,
			);
			defaultConfigurationIsVisible = 0;
			defaultConfigurationName = Release;
		};
/* End XCConfigurationList section */
	};
	rootObject = 2AC8B55125CDCDD000A2BF0B /* Project object */;
}
